// !$*UTF8*$!
{
	archiveVersion = 1;
	classes = {
	};
	objectVersion = 56;
	objects = {

/* Begin PBXBuildFile section */
		667BD2732C2C9DC500E9F016 /* AutoMotionStudioApp.swift in Sources */ = {isa = PBXBuildFile; fileRef = 667BD2722C2C9DC500E9F016 /* AutoMotionStudioApp.swift */; };
		667BD2752C2C9DC500E9F016 /* ContentView.swift in Sources */ = {isa = PBXBuildFile; fileRef = 667BD2742C2C9DC500E9F016 /* ContentView.swift */; };
		667BD2772C2C9DC700E9F016 /* Assets.xcassets in Resources */ = {isa = PBXBuildFile; fileRef = 667BD2762C2C9DC700E9F016 /* Assets.xcassets */; };
		667BD27A2C2C9DC700E9F016 /* Preview Assets.xcassets in Resources */ = {isa = PBXBuildFile; fileRef = 667BD2792C2C9DC700E9F016 /* Preview Assets.xcassets */; };
		667BD2822C2C9DED00E9F016 /* demo.swift in Sources */ = {isa = PBXBuildFile; fileRef = 667BD2812C2C9DED00E9F016 /* demo.swift */; };
		667BD2842C2CA34200E9F016 /* ActionType.swift in Sources */ = {isa = PBXBuildFile; fileRef = 667BD2832C2CA34200E9F016 /* ActionType.swift */; };
		667BD2862C2CA35A00E9F016 /* Action.swift in Sources */ = {isa = PBXBuildFile; fileRef = 667BD2852C2CA35A00E9F016 /* Action.swift */; };
		667BD2892C2CA3A300E9F016 /* ActionViewModel.swift in Sources */ = {isa = PBXBuildFile; fileRef = 667BD2882C2CA3A300E9F016 /* ActionViewModel.swift */; };
		667BD28B2C2CA3DA00E9F016 /* ActionDetailView.swift in Sources */ = {isa = PBXBuildFile; fileRef = 667BD28A2C2CA3DA00E9F016 /* ActionDetailView.swift */; };
		667BD2902C2CB90A00E9F016 /* KeyboardShortcuts in Frameworks */ = {isa = PBXBuildFile; productRef = 667BD28F2C2CB90A00E9F016 /* KeyboardShortcuts */; };
		667BD2922C2CB94200E9F016 /* KeyboardShortcuts.swift in Sources */ = {isa = PBXBuildFile; fileRef = 667BD2912C2CB94200E9F016 /* KeyboardShortcuts.swift */; };
		667BD2942C2CBD4300E9F016 /* AppState.swift in Sources */ = {isa = PBXBuildFile; fileRef = 667BD2932C2CBD4300E9F016 /* AppState.swift */; };
/* End PBXBuildFile section */

/* Begin PBXFileReference section */
		667BD26F2C2C9DC500E9F016 /* AutoMotionStudio.app */ = {isa = PBXFileReference; explicitFileType = wrapper.application; includeInIndex = 0; path = AutoMotionStudio.app; sourceTree = BUILT_PRODUCTS_DIR; };
		667BD2722C2C9DC500E9F016 /* AutoMotionStudioApp.swift */ = {isa = PBXFileReference; lastKnownFileType = sourcecode.swift; path = AutoMotionStudioApp.swift; sourceTree = "<group>"; };
		667BD2742C2C9DC500E9F016 /* ContentView.swift */ = {isa = PBXFileReference; lastKnownFileType = sourcecode.swift; path = ContentView.swift; sourceTree = "<group>"; };
		667BD2762C2C9DC700E9F016 /* Assets.xcassets */ = {isa = PBXFileReference; lastKnownFileType = folder.assetcatalog; path = Assets.xcassets; sourceTree = "<group>"; };
		667BD2792C2C9DC700E9F016 /* Preview Assets.xcassets */ = {isa = PBXFileReference; lastKnownFileType = folder.assetcatalog; path = "Preview Assets.xcassets"; sourceTree = "<group>"; };
		667BD27B2C2C9DC700E9F016 /* AutoMotionStudio.entitlements */ = {isa = PBXFileReference; lastKnownFileType = text.plist.entitlements; path = AutoMotionStudio.entitlements; sourceTree = "<group>"; };
		667BD2812C2C9DED00E9F016 /* demo.swift */ = {isa = PBXFileReference; lastKnownFileType = sourcecode.swift; path = demo.swift; sourceTree = "<group>"; };
		667BD2832C2CA34200E9F016 /* ActionType.swift */ = {isa = PBXFileReference; lastKnownFileType = sourcecode.swift; path = ActionType.swift; sourceTree = "<group>"; };
		667BD2852C2CA35A00E9F016 /* Action.swift */ = {isa = PBXFileReference; lastKnownFileType = sourcecode.swift; path = Action.swift; sourceTree = "<group>"; };
		667BD2882C2CA3A300E9F016 /* ActionViewModel.swift */ = {isa = PBXFileReference; lastKnownFileType = sourcecode.swift; path = ActionViewModel.swift; sourceTree = "<group>"; };
		667BD28A2C2CA3DA00E9F016 /* ActionDetailView.swift */ = {isa = PBXFileReference; lastKnownFileType = sourcecode.swift; path = ActionDetailView.swift; sourceTree = "<group>"; };
		667BD2912C2CB94200E9F016 /* KeyboardShortcuts.swift */ = {isa = PBXFileReference; lastKnownFileType = sourcecode.swift; path = KeyboardShortcuts.swift; sourceTree = "<group>"; };
		667BD2932C2CBD4300E9F016 /* AppState.swift */ = {isa = PBXFileReference; lastKnownFileType = sourcecode.swift; path = AppState.swift; sourceTree = "<group>"; };
/* End PBXFileReference section */

/* Begin PBXFrameworksBuildPhase section */
		667BD26C2C2C9DC500E9F016 /* Frameworks */ = {
			isa = PBXFrameworksBuildPhase;
			buildActionMask = 2147483647;
			files = (
				667BD2902C2CB90A00E9F016 /* KeyboardShortcuts in Frameworks */,
			);
			runOnlyForDeploymentPostprocessing = 0;
		};
/* End PBXFrameworksBuildPhase section */

/* Begin PBXGroup section */
		667BD2662C2C9DC500E9F016 = {
			isa = PBXGroup;
			children = (
				667BD2712C2C9DC500E9F016 /* AutoMotionStudio */,
				667BD2702C2C9DC500E9F016 /* Products */,
			);
			sourceTree = "<group>";
		};
		667BD2702C2C9DC500E9F016 /* Products */ = {
			isa = PBXGroup;
			children = (
				667BD26F2C2C9DC500E9F016 /* AutoMotionStudio.app */,
			);
			name = Products;
			sourceTree = "<group>";
		};
		667BD2712C2C9DC500E9F016 /* AutoMotionStudio */ = {
			isa = PBXGroup;
			children = (
				667BD2722C2C9DC500E9F016 /* AutoMotionStudioApp.swift */,
				667BD2762C2C9DC700E9F016 /* Assets.xcassets */,
				667BD27B2C2C9DC700E9F016 /* AutoMotionStudio.entitlements */,
				667BD2812C2C9DED00E9F016 /* demo.swift */,
				667BD2952C2CCEC900E9F016 /* Views */,
				667BD2872C2CA37200E9F016 /* Models */,
				667BD2962C2CCEEC00E9F016 /* Globals */,
				667BD2782C2C9DC700E9F016 /* Preview Content */,
			);
			path = AutoMotionStudio;
			sourceTree = "<group>";
		};
		667BD2782C2C9DC700E9F016 /* Preview Content */ = {
			isa = PBXGroup;
			children = (
				667BD2792C2C9DC700E9F016 /* Preview Assets.xcassets */,
			);
			path = "Preview Content";
			sourceTree = "<group>";
		};
		667BD2872C2CA37200E9F016 /* Models */ = {
			isa = PBXGroup;
			children = (
				667BD2832C2CA34200E9F016 /* ActionType.swift */,
				667BD2852C2CA35A00E9F016 /* Action.swift */,
				667BD2882C2CA3A300E9F016 /* ActionViewModel.swift */,
			);
			path = Models;
			sourceTree = "<group>";
		};
		667BD2952C2CCEC900E9F016 /* Views */ = {
			isa = PBXGroup;
			children = (
				667BD2742C2C9DC500E9F016 /* ContentView.swift */,
				667BD28A2C2CA3DA00E9F016 /* ActionDetailView.swift */,
			);
			path = Views;
			sourceTree = "<group>";
		};
		667BD2962C2CCEEC00E9F016 /* Globals */ = {
			isa = PBXGroup;
			children = (
				667BD2932C2CBD4300E9F016 /* AppState.swift */,
				667BD2912C2CB94200E9F016 /* KeyboardShortcuts.swift */,
			);
			path = Globals;
			sourceTree = "<group>";
		};
/* End PBXGroup section */

/* Begin PBXNativeTarget section */
		667BD26E2C2C9DC500E9F016 /* AutoMotionStudio */ = {
			isa = PBXNativeTarget;
			buildConfigurationList = 667BD27E2C2C9DC700E9F016 /* Build configuration list for PBXNativeTarget "AutoMotionStudio" */;
			buildPhases = (
				667BD26B2C2C9DC500E9F016 /* Sources */,
				667BD26C2C2C9DC500E9F016 /* Frameworks */,
				667BD26D2C2C9DC500E9F016 /* Resources */,
			);
			buildRules = (
			);
			dependencies = (
			);
			name = AutoMotionStudio;
			packageProductDependencies = (
				667BD28F2C2CB90A00E9F016 /* KeyboardShortcuts */,
			);
			productName = AutoMotionStudio;
			productReference = 667BD26F2C2C9DC500E9F016 /* AutoMotionStudio.app */;
			productType = "com.apple.product-type.application";
		};
/* End PBXNativeTarget section */

/* Begin PBXProject section */
		667BD2672C2C9DC500E9F016 /* Project object */ = {
			isa = PBXProject;
			attributes = {
				BuildIndependentTargetsInParallel = 1;
				LastSwiftUpdateCheck = 1540;
				LastUpgradeCheck = 1540;
				TargetAttributes = {
					667BD26E2C2C9DC500E9F016 = {
						CreatedOnToolsVersion = 15.4;
					};
				};
			};
			buildConfigurationList = 667BD26A2C2C9DC500E9F016 /* Build configuration list for PBXProject "AutoMotionStudio" */;
			compatibilityVersion = "Xcode 14.0";
			developmentRegion = en;
			hasScannedForEncodings = 0;
			knownRegions = (
				en,
				Base,
			);
			mainGroup = 667BD2662C2C9DC500E9F016;
			packageReferences = (
				667BD28E2C2CB90A00E9F016 /* XCRemoteSwiftPackageReference "KeyboardShortcuts" */,
			);
			productRefGroup = 667BD2702C2C9DC500E9F016 /* Products */;
			projectDirPath = "";
			projectRoot = "";
			targets = (
				667BD26E2C2C9DC500E9F016 /* AutoMotionStudio */,
			);
		};
/* End PBXProject section */

/* Begin PBXResourcesBuildPhase section */
		667BD26D2C2C9DC500E9F016 /* Resources */ = {
			isa = PBXResourcesBuildPhase;
			buildActionMask = 2147483647;
			files = (
				667BD27A2C2C9DC700E9F016 /* Preview Assets.xcassets in Resources */,
				667BD2772C2C9DC700E9F016 /* Assets.xcassets in Resources */,
			);
			runOnlyForDeploymentPostprocessing = 0;
		};
/* End PBXResourcesBuildPhase section */

/* Begin PBXSourcesBuildPhase section */
		667BD26B2C2C9DC500E9F016 /* Sources */ = {
			isa = PBXSourcesBuildPhase;
			buildActionMask = 2147483647;
			files = (
				667BD2752C2C9DC500E9F016 /* ContentView.swift in Sources */,
				667BD2732C2C9DC500E9F016 /* AutoMotionStudioApp.swift in Sources */,
				667BD2922C2CB94200E9F016 /* KeyboardShortcuts.swift in Sources */,
				667BD2942C2CBD4300E9F016 /* AppState.swift in Sources */,
				667BD2822C2C9DED00E9F016 /* demo.swift in Sources */,
				667BD28B2C2CA3DA00E9F016 /* ActionDetailView.swift in Sources */,
				667BD2862C2CA35A00E9F016 /* Action.swift in Sources */,
				667BD2892C2CA3A300E9F016 /* ActionViewModel.swift in Sources */,
				667BD2842C2CA34200E9F016 /* ActionType.swift in Sources */,
			);
			runOnlyForDeploymentPostprocessing = 0;
		};
/* End PBXSourcesBuildPhase section */

/* Begin XCBuildConfiguration section */
		667BD27C2C2C9DC700E9F016 /* Debug */ = {
			isa = XCBuildConfiguration;
			buildSettings = {
				ALWAYS_SEARCH_USER_PATHS = NO;
				ASSETCATALOG_COMPILER_GENERATE_SWIFT_ASSET_SYMBOL_EXTENSIONS = YES;
				CLANG_ANALYZER_NONNULL = YES;
				CLANG_ANALYZER_NUMBER_OBJECT_CONVERSION = YES_AGGRESSIVE;
				CLANG_CXX_LANGUAGE_STANDARD = "gnu++20";
				CLANG_ENABLE_MODULES = YES;
				CLANG_ENABLE_OBJC_ARC = YES;
				CLANG_ENABLE_OBJC_WEAK = YES;
				CLANG_WARN_BLOCK_CAPTURE_AUTORELEASING = YES;
				CLANG_WARN_BOOL_CONVERSION = YES;
				CLANG_WARN_COMMA = YES;
				CLANG_WARN_CONSTANT_CONVERSION = YES;
				CLANG_WARN_DEPRECATED_OBJC_IMPLEMENTATIONS = YES;
				CLANG_WARN_DIRECT_OBJC_ISA_USAGE = YES_ERROR;
				CLANG_WARN_DOCUMENTATION_COMMENTS = YES;
				CLANG_WARN_EMPTY_BODY = YES;
				CLANG_WARN_ENUM_CONVERSION = YES;
				CLANG_WARN_INFINITE_RECURSION = YES;
				CLANG_WARN_INT_CONVERSION = YES;
				CLANG_WARN_NON_LITERAL_NULL_CONVERSION = YES;
				CLANG_WARN_OBJC_IMPLICIT_RETAIN_SELF = YES;
				CLANG_WARN_OBJC_LITERAL_CONVERSION = YES;
				CLANG_WARN_OBJC_ROOT_CLASS = YES_ERROR;
				CLANG_WARN_QUOTED_INCLUDE_IN_FRAMEWORK_HEADER = YES;
				CLANG_WARN_RANGE_LOOP_ANALYSIS = YES;
				CLANG_WARN_STRICT_PROTOTYPES = YES;
				CLANG_WARN_SUSPICIOUS_MOVE = YES;
				CLANG_WARN_UNGUARDED_AVAILABILITY = YES_AGGRESSIVE;
				CLANG_WARN_UNREACHABLE_CODE = YES;
				CLANG_WARN__DUPLICATE_METHOD_MATCH = YES;
				COPY_PHASE_STRIP = NO;
				DEBUG_INFORMATION_FORMAT = dwarf;
				ENABLE_STRICT_OBJC_MSGSEND = YES;
				ENABLE_TESTABILITY = YES;
				ENABLE_USER_SCRIPT_SANDBOXING = YES;
				GCC_C_LANGUAGE_STANDARD = gnu17;
				GCC_DYNAMIC_NO_PIC = NO;
				GCC_NO_COMMON_BLOCKS = YES;
				GCC_OPTIMIZATION_LEVEL = 0;
				GCC_PREPROCESSOR_DEFINITIONS = (
					"DEBUG=1",
					"$(inherited)",
				);
				GCC_WARN_64_TO_32_BIT_CONVERSION = YES;
				GCC_WARN_ABOUT_RETURN_TYPE = YES_ERROR;
				GCC_WARN_UNDECLARED_SELECTOR = YES;
				GCC_WARN_UNINITIALIZED_AUTOS = YES_AGGRESSIVE;
				GCC_WARN_UNUSED_FUNCTION = YES;
				GCC_WARN_UNUSED_VARIABLE = YES;
				LOCALIZATION_PREFERS_STRING_CATALOGS = YES;
				MACOSX_DEPLOYMENT_TARGET = 14.5;
				MTL_ENABLE_DEBUG_INFO = INCLUDE_SOURCE;
				MTL_FAST_MATH = YES;
				ONLY_ACTIVE_ARCH = YES;
				SDKROOT = macosx;
				SWIFT_ACTIVE_COMPILATION_CONDITIONS = "DEBUG $(inherited)";
				SWIFT_OPTIMIZATION_LEVEL = "-Onone";
			};
			name = Debug;
		};
		667BD27D2C2C9DC700E9F016 /* Release */ = {
			isa = XCBuildConfiguration;
			buildSettings = {
				ALWAYS_SEARCH_USER_PATHS = NO;
				ASSETCATALOG_COMPILER_GENERATE_SWIFT_ASSET_SYMBOL_EXTENSIONS = YES;
				CLANG_ANALYZER_NONNULL = YES;
				CLANG_ANALYZER_NUMBER_OBJECT_CONVERSION = YES_AGGRESSIVE;
				CLANG_CXX_LANGUAGE_STANDARD = "gnu++20";
				CLANG_ENABLE_MODULES = YES;
				CLANG_ENABLE_OBJC_ARC = YES;
				CLANG_ENABLE_OBJC_WEAK = YES;
				CLANG_WARN_BLOCK_CAPTURE_AUTORELEASING = YES;
				CLANG_WARN_BOOL_CONVERSION = YES;
				CLANG_WARN_COMMA = YES;
				CLANG_WARN_CONSTANT_CONVERSION = YES;
				CLANG_WARN_DEPRECATED_OBJC_IMPLEMENTATIONS = YES;
				CLANG_WARN_DIRECT_OBJC_ISA_USAGE = YES_ERROR;
				CLANG_WARN_DOCUMENTATION_COMMENTS = YES;
				CLANG_WARN_EMPTY_BODY = YES;
				CLANG_WARN_ENUM_CONVERSION = YES;
				CLANG_WARN_INFINITE_RECURSION = YES;
				CLANG_WARN_INT_CONVERSION = YES;
				CLANG_WARN_NON_LITERAL_NULL_CONVERSION = YES;
				CLANG_WARN_OBJC_IMPLICIT_RETAIN_SELF = YES;
				CLANG_WARN_OBJC_LITERAL_CONVERSION = YES;
				CLANG_WARN_OBJC_ROOT_CLASS = YES_ERROR;
				CLANG_WARN_QUOTED_INCLUDE_IN_FRAMEWORK_HEADER = YES;
				CLANG_WARN_RANGE_LOOP_ANALYSIS = YES;
				CLANG_WARN_STRICT_PROTOTYPES = YES;
				CLANG_WARN_SUSPICIOUS_MOVE = YES;
				CLANG_WARN_UNGUARDED_AVAILABILITY = YES_AGGRESSIVE;
				CLANG_WARN_UNREACHABLE_CODE = YES;
				CLANG_WARN__DUPLICATE_METHOD_MATCH = YES;
				COPY_PHASE_STRIP = NO;
				DEBUG_INFORMATION_FORMAT = "dwarf-with-dsym";
				ENABLE_NS_ASSERTIONS = NO;
				ENABLE_STRICT_OBJC_MSGSEND = YES;
				ENABLE_USER_SCRIPT_SANDBOXING = YES;
				GCC_C_LANGUAGE_STANDARD = gnu17;
				GCC_NO_COMMON_BLOCKS = YES;
				GCC_WARN_64_TO_32_BIT_CONVERSION = YES;
				GCC_WARN_ABOUT_RETURN_TYPE = YES_ERROR;
				GCC_WARN_UNDECLARED_SELECTOR = YES;
				GCC_WARN_UNINITIALIZED_AUTOS = YES_AGGRESSIVE;
				GCC_WARN_UNUSED_FUNCTION = YES;
				GCC_WARN_UNUSED_VARIABLE = YES;
				LOCALIZATION_PREFERS_STRING_CATALOGS = YES;
				MACOSX_DEPLOYMENT_TARGET = 14.5;
				MTL_ENABLE_DEBUG_INFO = NO;
				MTL_FAST_MATH = YES;
				SDKROOT = macosx;
				SWIFT_COMPILATION_MODE = wholemodule;
			};
			name = Release;
		};
		667BD27F2C2C9DC700E9F016 /* Debug */ = {
			isa = XCBuildConfiguration;
			buildSettings = {
				ASSETCATALOG_COMPILER_APPICON_NAME = AppIcon;
				ASSETCATALOG_COMPILER_GLOBAL_ACCENT_COLOR_NAME = AccentColor;
				CODE_SIGN_ENTITLEMENTS = AutoMotionStudio/AutoMotionStudio.entitlements;
				CODE_SIGN_STYLE = Automatic;
				COMBINE_HIDPI_IMAGES = YES;
				CURRENT_PROJECT_VERSION = 1;
				DEVELOPMENT_ASSET_PATHS = "\"AutoMotionStudio/Preview Content\"";
				DEVELOPMENT_TEAM = PF8C99TXS7;
				ENABLE_HARDENED_RUNTIME = YES;
				ENABLE_PREVIEWS = YES;
				GENERATE_INFOPLIST_FILE = YES;
				INFOPLIST_KEY_CFBundleDisplayName = "AutoMotion Studio";
				INFOPLIST_KEY_LSApplicationCategoryType = "public.app-category.utilities";
				INFOPLIST_KEY_NSHumanReadableCopyright = "";
				LD_RUNPATH_SEARCH_PATHS = (
					"$(inherited)",
					"@executable_path/../Frameworks",
				);
				MACOSX_DEPLOYMENT_TARGET = 14.0;
				MARKETING_VERSION = 1.0;
				PRODUCT_BUNDLE_IDENTIFIER = maschinamaxima.AutoMotionStudio;
				PRODUCT_NAME = "$(TARGET_NAME)";
				SWIFT_EMIT_LOC_STRINGS = YES;
				SWIFT_VERSION = 5.0;
			};
			name = Debug;
		};
		667BD2802C2C9DC700E9F016 /* Release */ = {
			isa = XCBuildConfiguration;
			buildSettings = {
				ASSETCATALOG_COMPILER_APPICON_NAME = AppIcon;
				ASSETCATALOG_COMPILER_GLOBAL_ACCENT_COLOR_NAME = AccentColor;
				CODE_SIGN_ENTITLEMENTS = AutoMotionStudio/AutoMotionStudio.entitlements;
				CODE_SIGN_STYLE = Automatic;
				COMBINE_HIDPI_IMAGES = YES;
				CURRENT_PROJECT_VERSION = 1;
				DEVELOPMENT_ASSET_PATHS = "\"AutoMotionStudio/Preview Content\"";
				DEVELOPMENT_TEAM = PF8C99TXS7;
				ENABLE_HARDENED_RUNTIME = YES;
				ENABLE_PREVIEWS = YES;
				GENERATE_INFOPLIST_FILE = YES;
				INFOPLIST_KEY_CFBundleDisplayName = "AutoMotion Studio";
				INFOPLIST_KEY_LSApplicationCategoryType = "public.app-category.utilities";
				INFOPLIST_KEY_NSHumanReadableCopyright = "";
				LD_RUNPATH_SEARCH_PATHS = (
					"$(inherited)",
					"@executable_path/../Frameworks",
				);
				MACOSX_DEPLOYMENT_TARGET = 14.0;
				MARKETING_VERSION = 1.0;
				PRODUCT_BUNDLE_IDENTIFIER = maschinamaxima.AutoMotionStudio;
				PRODUCT_NAME = "$(TARGET_NAME)";
				SWIFT_EMIT_LOC_STRINGS = YES;
				SWIFT_VERSION = 5.0;
			};
			name = Release;
		};
/* End XCBuildConfiguration section */

/* Begin XCConfigurationList section */
		667BD26A2C2C9DC500E9F016 /* Build configuration list for PBXProject "AutoMotionStudio" */ = {
			isa = XCConfigurationList;
			buildConfigurations = (
				667BD27C2C2C9DC700E9F016 /* Debug */,
				667BD27D2C2C9DC700E9F016 /* Release */,
			);
			defaultConfigurationIsVisible = 0;
			defaultConfigurationName = Release;
		};
		667BD27E2C2C9DC700E9F016 /* Build configuration list for PBXNativeTarget "AutoMotionStudio" */ = {
			isa = XCConfigurationList;
			buildConfigurations = (
				667BD27F2C2C9DC700E9F016 /* Debug */,
				667BD2802C2C9DC700E9F016 /* Release */,
			);
			defaultConfigurationIsVisible = 0;
			defaultConfigurationName = Release;
		};
/* End XCConfigurationList section */

/* Begin XCRemoteSwiftPackageReference section */
		667BD28E2C2CB90A00E9F016 /* XCRemoteSwiftPackageReference "KeyboardShortcuts" */ = {
			isa = XCRemoteSwiftPackageReference;
			repositoryURL = "https://github.com/sindresorhus/KeyboardShortcuts";
			requirement = {
				kind = upToNextMajorVersion;
				minimumVersion = 2.0.1;
			};
		};
/* End XCRemoteSwiftPackageReference section */

/* Begin XCSwiftPackageProductDependency section */
		667BD28F2C2CB90A00E9F016 /* KeyboardShortcuts */ = {
			isa = XCSwiftPackageProductDependency;
			package = 667BD28E2C2CB90A00E9F016 /* XCRemoteSwiftPackageReference "KeyboardShortcuts" */;
			productName = KeyboardShortcuts;
		};
/* End XCSwiftPackageProductDependency section */
	};
	rootObject = 667BD2672C2C9DC500E9F016 /* Project object */;
}
